
Microsoft Visual Studio Solution File, Format Version 12.00
# Visual Studio Version 16
VisualStudioVersion = 16.0.29318.209
MinimumVisualStudioVersion = 10.0.40219.1
Project("{FAE04EC0-301F-11D3-BF4B-00C04F79EFBC}") = "ExpenseManagement", "ExpenseManagement\ExpenseManagement.csproj", "{C5DC8B11-1581-41CE-87B1-8C17BC6882A7}"
EndProject
Global
	GlobalSection(SolutionConfigurationPlatforms) = preSolution
		Debug|Any CPU = Debug|Any CPU
		Release|Any CPU = Release|Any CPU
	EndGlobalSection
	GlobalSection(ProjectConfigurationPlatforms) = postSolution
		{C5DC8B11-1581-41CE-87B1-8C17BC6882A7}.Debug|Any CPU.ActiveCfg = Debug|Any CPU
		{C5DC8B11-1581-41CE-87B1-8C17BC6882A7}.Debug|Any CPU.Build.0 = Debug|Any CPU
		{C5DC8B11-1581-41CE-87B1-8C17BC6882A7}.Release|Any CPU.ActiveCfg = Release|Any CPU
		{C5DC8B11-1581-41CE-87B1-8C17BC6882A7}.Release|Any CPU.Build.0 = Release|Any CPU
	EndGlobalSection
	GlobalSection(SolutionProperties) = preSolution
		HideSolutionNode = FALSE
	EndGlobalSection
	GlobalSection(ExtensibilityGlobals) = postSolution
		SolutionGuid = {8CE739DA-3689-474F-B90B-FDC5893BF877}
	EndGlobalSection
EndGlobal
